// !$*UTF8*$!
{
	archiveVersion = 1;
	classes = {
	};
	objectVersion = 46;
	objects = {

/* Begin PBXBuildFile section */
		B6579DA01B056C47008B8EC5 /* GWAsimulator.cpp in Sources */ = {isa = PBXBuildFile; fileRef = B6579D831B056C47008B8EC5 /* GWAsimulator.cpp */; };
/* End PBXBuildFile section */

/* Begin PBXCopyFilesBuildPhase section */
		84484A121AF9220E00DCB671 /* CopyFiles */ = {
			isa = PBXCopyFilesBuildPhase;
			buildActionMask = 2147483647;
			dstPath = /usr/share/man/man1/;
			dstSubfolderSpec = 0;
			files = (
			);
			runOnlyForDeploymentPostprocessing = 1;
		};
/* End PBXCopyFilesBuildPhase section */

/* Begin PBXFileReference section */
		84484A141AF9220E00DCB671 /* GWAsimulator_v2.0 */ = {isa = PBXFileReference; explicitFileType = "compiled.mach-o.executable"; includeInIndex = 0; path = GWAsimulator_v2.0; sourceTree = BUILT_PRODUCTS_DIR; };
		B6579D7D1B056C47008B8EC5 /* build */ = {isa = PBXFileReference; fileEncoding = 4; lastKnownFileType = text; path = build; sourceTree = "<group>"; };
		B6579D7E1B056C47008B8EC5 /* control.dat */ = {isa = PBXFileReference; fileEncoding = 4; lastKnownFileType = text; path = control.dat; sourceTree = "<group>"; };
		B6579D7F1B056C47008B8EC5 /* COPYRIGHT */ = {isa = PBXFileReference; fileEncoding = 4; lastKnownFileType = text; path = COPYRIGHT; sourceTree = "<group>"; };
		B6579D801B056C47008B8EC5 /* dataanalysis.h */ = {isa = PBXFileReference; fileEncoding = 4; lastKnownFileType = sourcecode.c.h; path = dataanalysis.h; sourceTree = "<group>"; };
		B6579D811B056C47008B8EC5 /* diseasemodel.txt */ = {isa = PBXFileReference; fileEncoding = 4; lastKnownFileType = text; path = diseasemodel.txt; sourceTree = "<group>"; };
		B6579D831B056C47008B8EC5 /* GWAsimulator.cpp */ = {isa = PBXFileReference; fileEncoding = 4; lastKnownFileType = sourcecode.cpp.cpp; path = GWAsimulator.cpp; sourceTree = "<group>"; };
		B6579D841B056C47008B8EC5 /* GWAsimulator_v2.0.pdf */ = {isa = PBXFileReference; lastKnownFileType = image.pdf; path = GWAsimulator_v2.0.pdf; sourceTree = "<group>"; };
		B6579D851B056C47008B8EC5 /* HISTORY */ = {isa = PBXFileReference; fileEncoding = 4; lastKnownFileType = text; path = HISTORY; sourceTree = "<group>"; };
		B6579D871B056C47008B8EC5 /* chr10_Illu300k.phased */ = {isa = PBXFileReference; fileEncoding = 4; lastKnownFileType = text; path = chr10_Illu300k.phased; sourceTree = "<group>"; };
		B6579D881B056C47008B8EC5 /* chr11_Illu300k.phased */ = {isa = PBXFileReference; fileEncoding = 4; lastKnownFileType = text; path = chr11_Illu300k.phased; sourceTree = "<group>"; };
		B6579D891B056C47008B8EC5 /* chr12_Illu300k.phased */ = {isa = PBXFileReference; fileEncoding = 4; lastKnownFileType = text; path = chr12_Illu300k.phased; sourceTree = "<group>"; };
		B6579D8A1B056C47008B8EC5 /* chr13_Illu300k.phased */ = {isa = PBXFileReference; fileEncoding = 4; lastKnownFileType = text; path = chr13_Illu300k.phased; sourceTree = "<group>"; };
		B6579D8B1B056C47008B8EC5 /* chr14_Illu300k.phased */ = {isa = PBXFileReference; fileEncoding = 4; lastKnownFileType = text; path = chr14_Illu300k.phased; sourceTree = "<group>"; };
		B6579D8C1B056C47008B8EC5 /* chr15_Illu300k.phased */ = {isa = PBXFileReference; fileEncoding = 4; lastKnownFileType = text; path = chr15_Illu300k.phased; sourceTree = "<group>"; };
		B6579D8D1B056C47008B8EC5 /* chr16_Illu300k.phased */ = {isa = PBXFileReference; fileEncoding = 4; lastKnownFileType = text; path = chr16_Illu300k.phased; sourceTree = "<group>"; };
		B6579D8E1B056C47008B8EC5 /* chr17_Illu300k.phased */ = {isa = PBXFileReference; fileEncoding = 4; lastKnownFileType = text; path = chr17_Illu300k.phased; sourceTree = "<group>"; };
		B6579D8F1B056C47008B8EC5 /* chr18_Illu300k.phased */ = {isa = PBXFileReference; fileEncoding = 4; lastKnownFileType = text; path = chr18_Illu300k.phased; sourceTree = "<group>"; };
		B6579D901B056C47008B8EC5 /* chr19_Illu300k.phased */ = {isa = PBXFileReference; fileEncoding = 4; lastKnownFileType = text; path = chr19_Illu300k.phased; sourceTree = "<group>"; };
		B6579D911B056C47008B8EC5 /* chr1_Illu300k.phased */ = {isa = PBXFileReference; fileEncoding = 4; lastKnownFileType = text; path = chr1_Illu300k.phased; sourceTree = "<group>"; };
		B6579D921B056C47008B8EC5 /* chr20_Illu300k.phased */ = {isa = PBXFileReference; fileEncoding = 4; lastKnownFileType = text; path = chr20_Illu300k.phased; sourceTree = "<group>"; };
		B6579D931B056C47008B8EC5 /* chr21_Illu300k.phased */ = {isa = PBXFileReference; fileEncoding = 4; lastKnownFileType = text; path = chr21_Illu300k.phased; sourceTree = "<group>"; };
		B6579D941B056C47008B8EC5 /* chr22_Illu300k.phased */ = {isa = PBXFileReference; fileEncoding = 4; lastKnownFileType = text; path = chr22_Illu300k.phased; sourceTree = "<group>"; };
		B6579D951B056C47008B8EC5 /* chr23_Illu300k.phased */ = {isa = PBXFileReference; fileEncoding = 4; lastKnownFileType = text; path = chr23_Illu300k.phased; sourceTree = "<group>"; };
		B6579D961B056C47008B8EC5 /* chr2_Illu300k.phased */ = {isa = PBXFileReference; fileEncoding = 4; lastKnownFileType = text; path = chr2_Illu300k.phased; sourceTree = "<group>"; };
		B6579D971B056C47008B8EC5 /* chr3_Illu300k.phased */ = {isa = PBXFileReference; fileEncoding = 4; lastKnownFileType = text; path = chr3_Illu300k.phased; sourceTree = "<group>"; };
		B6579D981B056C47008B8EC5 /* chr4_Illu300k.phased */ = {isa = PBXFileReference; fileEncoding = 4; lastKnownFileType = text; path = chr4_Illu300k.phased; sourceTree = "<group>"; };
		B6579D991B056C47008B8EC5 /* chr5_Illu300k.phased */ = {isa = PBXFileReference; fileEncoding = 4; lastKnownFileType = text; path = chr5_Illu300k.phased; sourceTree = "<group>"; };
		B6579D9A1B056C47008B8EC5 /* chr6_Illu300k.phased */ = {isa = PBXFileReference; fileEncoding = 4; lastKnownFileType = text; path = chr6_Illu300k.phased; sourceTree = "<group>"; };
		B6579D9B1B056C47008B8EC5 /* chr7_Illu300k.phased */ = {isa = PBXFileReference; fileEncoding = 4; lastKnownFileType = text; path = chr7_Illu300k.phased; sourceTree = "<group>"; };
		B6579D9C1B056C47008B8EC5 /* chr8_Illu300k.phased */ = {isa = PBXFileReference; fileEncoding = 4; lastKnownFileType = text; path = chr8_Illu300k.phased; sourceTree = "<group>"; };
		B6579D9D1B056C47008B8EC5 /* chr9_Illu300k.phased */ = {isa = PBXFileReference; fileEncoding = 4; lastKnownFileType = text; path = chr9_Illu300k.phased; sourceTree = "<group>"; };
		B6579D9E1B056C47008B8EC5 /* README */ = {isa = PBXFileReference; fileEncoding = 4; lastKnownFileType = text; path = README; sourceTree = "<group>"; };
/* End PBXFileReference section */

/* Begin PBXFrameworksBuildPhase section */
		84484A111AF9220E00DCB671 /* Frameworks */ = {
			isa = PBXFrameworksBuildPhase;
			buildActionMask = 2147483647;
			files = (
			);
			runOnlyForDeploymentPostprocessing = 0;
		};
/* End PBXFrameworksBuildPhase section */

/* Begin PBXGroup section */
		84484A0B1AF9220E00DCB671 = {
			isa = PBXGroup;
			children = (
				B6579D7C1B056C47008B8EC5 /* GWAsimulator_v2.0 */,
				84484A151AF9220E00DCB671 /* Products */,
			);
			sourceTree = "<group>";
		};
		84484A151AF9220E00DCB671 /* Products */ = {
			isa = PBXGroup;
			children = (
				84484A141AF9220E00DCB671 /* GWAsimulator_v2.0 */,
			);
			name = Products;
			sourceTree = "<group>";
		};
		B6579D7C1B056C47008B8EC5 /* GWAsimulator_v2.0 */ = {
			isa = PBXGroup;
			children = (
				B6579DA11B056C72008B8EC5 /* Files */,
				B6579D801B056C47008B8EC5 /* dataanalysis.h */,
				B6579D831B056C47008B8EC5 /* GWAsimulator.cpp */,
				B6579D861B056C47008B8EC5 /* Illumina300KCEU */,
			);
			path = GWAsimulator_v2.0;
			sourceTree = "<group>";
		};
		B6579D861B056C47008B8EC5 /* Illumina300KCEU */ = {
			isa = PBXGroup;
			children = (
				B6579D871B056C47008B8EC5 /* chr10_Illu300k.phased */,
				B6579D881B056C47008B8EC5 /* chr11_Illu300k.phased */,
				B6579D891B056C47008B8EC5 /* chr12_Illu300k.phased */,
				B6579D8A1B056C47008B8EC5 /* chr13_Illu300k.phased */,
				B6579D8B1B056C47008B8EC5 /* chr14_Illu300k.phased */,
				B6579D8C1B056C47008B8EC5 /* chr15_Illu300k.phased */,
				B6579D8D1B056C47008B8EC5 /* chr16_Illu300k.phased */,
				B6579D8E1B056C47008B8EC5 /* chr17_Illu300k.phased */,
				B6579D8F1B056C47008B8EC5 /* chr18_Illu300k.phased */,
				B6579D901B056C47008B8EC5 /* chr19_Illu300k.phased */,
				B6579D911B056C47008B8EC5 /* chr1_Illu300k.phased */,
				B6579D921B056C47008B8EC5 /* chr20_Illu300k.phased */,
				B6579D931B056C47008B8EC5 /* chr21_Illu300k.phased */,
				B6579D941B056C47008B8EC5 /* chr22_Illu300k.phased */,
				B6579D951B056C47008B8EC5 /* chr23_Illu300k.phased */,
				B6579D961B056C47008B8EC5 /* chr2_Illu300k.phased */,
				B6579D971B056C47008B8EC5 /* chr3_Illu300k.phased */,
				B6579D981B056C47008B8EC5 /* chr4_Illu300k.phased */,
				B6579D991B056C47008B8EC5 /* chr5_Illu300k.phased */,
				B6579D9A1B056C47008B8EC5 /* chr6_Illu300k.phased */,
				B6579D9B1B056C47008B8EC5 /* chr7_Illu300k.phased */,
				B6579D9C1B056C47008B8EC5 /* chr8_Illu300k.phased */,
				B6579D9D1B056C47008B8EC5 /* chr9_Illu300k.phased */,
				B6579D9E1B056C47008B8EC5 /* README */,
			);
			path = Illumina300KCEU;
			sourceTree = "<group>";
		};
		B6579DA11B056C72008B8EC5 /* Files */ = {
			isa = PBXGroup;
			children = (
				B6579D7D1B056C47008B8EC5 /* build */,
				B6579D7E1B056C47008B8EC5 /* control.dat */,
				B6579D7F1B056C47008B8EC5 /* COPYRIGHT */,
				B6579D811B056C47008B8EC5 /* diseasemodel.txt */,
				B6579D841B056C47008B8EC5 /* GWAsimulator_v2.0.pdf */,
				B6579D851B056C47008B8EC5 /* HISTORY */,
			);
			name = Files;
			sourceTree = "<group>";
		};
/* End PBXGroup section */

/* Begin PBXNativeTarget section */
		84484A131AF9220E00DCB671 /* GWAsimulator_v2.0 */ = {
			isa = PBXNativeTarget;
			buildConfigurationList = 84484A1B1AF9220E00DCB671 /* Build configuration list for PBXNativeTarget "GWAsimulator_v2.0" */;
			buildPhases = (
				84484A101AF9220E00DCB671 /* Sources */,
				84484A111AF9220E00DCB671 /* Frameworks */,
				84484A121AF9220E00DCB671 /* CopyFiles */,
			);
			buildRules = (
			);
			dependencies = (
			);
			name = GWAsimulator_v2.0;
			productName = GWAsimulator_v2.0;
			productReference = 84484A141AF9220E00DCB671 /* GWAsimulator_v2.0 */;
			productType = "com.apple.product-type.tool";
		};
/* End PBXNativeTarget section */

/* Begin PBXProject section */
		84484A0C1AF9220E00DCB671 /* Project object */ = {
			isa = PBXProject;
			attributes = {
				LastUpgradeCheck = 0630;
				ORGANIZATIONNAME = "Nathan Anderson";
				TargetAttributes = {
					84484A131AF9220E00DCB671 = {
						CreatedOnToolsVersion = 6.3;
					};
				};
			};
			buildConfigurationList = 84484A0F1AF9220E00DCB671 /* Build configuration list for PBXProject "GWAsimulator_v2.0" */;
			compatibilityVersion = "Xcode 3.2";
			developmentRegion = English;
			hasScannedForEncodings = 0;
			knownRegions = (
				en,
			);
			mainGroup = 84484A0B1AF9220E00DCB671;
			productRefGroup = 84484A151AF9220E00DCB671 /* Products */;
			projectDirPath = "";
			projectRoot = "";
			targets = (
				84484A131AF9220E00DCB671 /* GWAsimulator_v2.0 */,
			);
		};
/* End PBXProject section */

/* Begin PBXSourcesBuildPhase section */
		84484A101AF9220E00DCB671 /* Sources */ = {
			isa = PBXSourcesBuildPhase;
			buildActionMask = 2147483647;
			files = (
				B6579DA01B056C47008B8EC5 /* GWAsimulator.cpp in Sources */,
			);
			runOnlyForDeploymentPostprocessing = 0;
		};
/* End PBXSourcesBuildPhase section */

/* Begin XCBuildConfiguration section */
		84484A191AF9220E00DCB671 /* Debug */ = {
			isa = XCBuildConfiguration;
			buildSettings = {
				ALWAYS_SEARCH_USER_PATHS = NO;
				CLANG_CXX_LANGUAGE_STANDARD = "gnu++0x";
				CLANG_CXX_LIBRARY = "libc++";
				CLANG_ENABLE_MODULES = YES;
				CLANG_ENABLE_OBJC_ARC = YES;
				CLANG_WARN_BOOL_CONVERSION = YES;
				CLANG_WARN_CONSTANT_CONVERSION = YES;
				CLANG_WARN_DIRECT_OBJC_ISA_USAGE = YES_ERROR;
				CLANG_WARN_EMPTY_BODY = YES;
				CLANG_WARN_ENUM_CONVERSION = YES;
				CLANG_WARN_INT_CONVERSION = YES;
				CLANG_WARN_OBJC_ROOT_CLASS = YES_ERROR;
				CLANG_WARN_UNREACHABLE_CODE = YES;
				CLANG_WARN__DUPLICATE_METHOD_MATCH = YES;
				COPY_PHASE_STRIP = NO;
				DEBUG_INFORMATION_FORMAT = dwarf;
				ENABLE_STRICT_OBJC_MSGSEND = YES;
				GCC_C_LANGUAGE_STANDARD = gnu99;
				GCC_DYNAMIC_NO_PIC = NO;
				GCC_NO_COMMON_BLOCKS = YES;
				GCC_OPTIMIZATION_LEVEL = 0;
				GCC_PREPROCESSOR_DEFINITIONS = (
					"DEBUG=1",
					"$(inherited)",
				);
				GCC_SYMBOLS_PRIVATE_EXTERN = NO;
				GCC_WARN_64_TO_32_BIT_CONVERSION = YES;
				GCC_WARN_ABOUT_RETURN_TYPE = YES_ERROR;
				GCC_WARN_UNDECLARED_SELECTOR = YES;
				GCC_WARN_UNINITIALIZED_AUTOS = YES_AGGRESSIVE;
				GCC_WARN_UNUSED_FUNCTION = YES;
				GCC_WARN_UNUSED_VARIABLE = YES;
				MACOSX_DEPLOYMENT_TARGET = 10.10;
				MTL_ENABLE_DEBUG_INFO = YES;
				ONLY_ACTIVE_ARCH = YES;
				SDKROOT = macosx;
			};
			name = Debug;
		};
		84484A1A1AF9220E00DCB671 /* Release */ = {
			isa = XCBuildConfiguration;
			buildSettings = {
				ALWAYS_SEARCH_USER_PATHS = NO;
				CLANG_CXX_LANGUAGE_STANDARD = "gnu++0x";
				CLANG_CXX_LIBRARY = "libc++";
				CLANG_ENABLE_MODULES = YES;
				CLANG_ENABLE_OBJC_ARC = YES;
				CLANG_WARN_BOOL_CONVERSION = YES;
				CLANG_WARN_CONSTANT_CONVERSION = YES;
				CLANG_WARN_DIRECT_OBJC_ISA_USAGE = YES_ERROR;
				CLANG_WARN_EMPTY_BODY = YES;
				CLANG_WARN_ENUM_CONVERSION = YES;
				CLANG_WARN_INT_CONVERSION = YES;
				CLANG_WARN_OBJC_ROOT_CLASS = YES_ERROR;
				CLANG_WARN_UNREACHABLE_CODE = YES;
				CLANG_WARN__DUPLICATE_METHOD_MATCH = YES;
				COPY_PHASE_STRIP = NO;
				DEBUG_INFORMATION_FORMAT = "dwarf-with-dsym";
				ENABLE_NS_ASSERTIONS = NO;
				ENABLE_STRICT_OBJC_MSGSEND = YES;
				GCC_C_LANGUAGE_STANDARD = gnu99;
				GCC_NO_COMMON_BLOCKS = YES;
				GCC_WARN_64_TO_32_BIT_CONVERSION = YES;
				GCC_WARN_ABOUT_RETURN_TYPE = YES_ERROR;
				GCC_WARN_UNDECLARED_SELECTOR = YES;
				GCC_WARN_UNINITIALIZED_AUTOS = YES_AGGRESSIVE;
				GCC_WARN_UNUSED_FUNCTION = YES;
				GCC_WARN_UNUSED_VARIABLE = YES;
				MACOSX_DEPLOYMENT_TARGET = 10.10;
				MTL_ENABLE_DEBUG_INFO = NO;
				SDKROOT = macosx;
			};
			name = Release;
		};
		84484A1C1AF9220E00DCB671 /* Debug */ = {
			isa = XCBuildConfiguration;
			buildSettings = {
				PRODUCT_NAME = "$(TARGET_NAME)";
			};
			name = Debug;
		};
		84484A1D1AF9220E00DCB671 /* Release */ = {
			isa = XCBuildConfiguration;
			buildSettings = {
				PRODUCT_NAME = "$(TARGET_NAME)";
			};
			name = Release;
		};
/* End XCBuildConfiguration section */

/* Begin XCConfigurationList section */
		84484A0F1AF9220E00DCB671 /* Build configuration list for PBXProject "GWAsimulator_v2.0" */ = {
			isa = XCConfigurationList;
			buildConfigurations = (
				84484A191AF9220E00DCB671 /* Debug */,
				84484A1A1AF9220E00DCB671 /* Release */,
			);
			defaultConfigurationIsVisible = 0;
			defaultConfigurationName = Release;
		};
		84484A1B1AF9220E00DCB671 /* Build configuration list for PBXNativeTarget "GWAsimulator_v2.0" */ = {
			isa = XCConfigurationList;
			buildConfigurations = (
				84484A1C1AF9220E00DCB671 /* Debug */,
				84484A1D1AF9220E00DCB671 /* Release */,
			);
			defaultConfigurationIsVisible = 0;
			defaultConfigurationName = Release;
		};
/* End XCConfigurationList section */
	};
	rootObject = 84484A0C1AF9220E00DCB671 /* Project object */;
}
